Microsoft Visual Studio Solution File, Format Version 12.00
# Visual Studio Version 17
VisualStudioVersion = 17.6.33723.286
MinimumVisualStudioVersion = 10.0.40219.1
Project("{9A19103F-16F7-4668-BE54-9A1E7A4F7556}") = "CureBlight", "CureBlight\CureBlight.csproj", "{71B31926-92F1-46E8-87DA-1DE241A33886}"
EndProject
Global
	GlobalSection(SolutionConfigurationPlatforms) = preSolution
		Debug|Any CPU = Debug|Any CPU
		Release|Any CPU = Release|Any CPU
	EndGlobalSection
	GlobalSection(ProjectConfigurationPlatforms) = postSolution
		{71B31926-92F1-46E8-87DA-1DE241A33886}.Debug|Any CPU.ActiveCfg = Debug|Any CPU
		{71B31926-92F1-46E8-87DA-1DE241A33886}.Debug|Any CPU.Build.0 = Debug|Any CPU
		{71B31926-92F1-46E8-87DA-1DE241A33886}.Release|Any CPU.ActiveCfg = Release|Any CPU
		{71B31926-92F1-46E8-87DA-1DE241A33886}.Release|Any CPU.Build.0 = Release|Any CPU
	EndGlobalSection
	GlobalSection(SolutionProperties) = preSolution
		HideSolutionNode = FALSE
	EndGlobalSection
	GlobalSection(ExtensibilityGlobals) = postSolution
		SolutionGuid = {de4db295-095d-431b-a95d-a2e63551267e}
	EndGlobalSection
EndGlobal
